// !$*UTF8*$!
{
	archiveVersion = 1;
	classes = {
	};
	objectVersion = 50;
	objects = {

/* Begin PBXBuildFile section */
		A854996223DCE39300B0DC6A /* AppDelegate.swift in Sources */ = {isa = PBXBuildFile; fileRef = A854996123DCE39300B0DC6A /* AppDelegate.swift */; };
		A854996423DCE39300B0DC6A /* SceneDelegate.swift in Sources */ = {isa = PBXBuildFile; fileRef = A854996323DCE39300B0DC6A /* SceneDelegate.swift */; };
		A854996623DCE39300B0DC6A /* ViewController.swift in Sources */ = {isa = PBXBuildFile; fileRef = A854996523DCE39300B0DC6A /* ViewController.swift */; };
		A854996923DCE39300B0DC6A /* Main.storyboard in Resources */ = {isa = PBXBuildFile; fileRef = A854996723DCE39300B0DC6A /* Main.storyboard */; };
		A854996B23DCE39600B0DC6A /* Assets.xcassets in Resources */ = {isa = PBXBuildFile; fileRef = A854996A23DCE39600B0DC6A /* Assets.xcassets */; };
		A854996E23DCE39600B0DC6A /* LaunchScreen.storyboard in Resources */ = {isa = PBXBuildFile; fileRef = A854996C23DCE39600B0DC6A /* LaunchScreen.storyboard */; };
		A854997923DCE39600B0DC6A /* vcTests.swift in Sources */ = {isa = PBXBuildFile; fileRef = A854997823DCE39600B0DC6A /* vcTests.swift */; };
		A854998423DCE39600B0DC6A /* vcUITests.swift in Sources */ = {isa = PBXBuildFile; fileRef = A854998323DCE39600B0DC6A /* vcUITests.swift */; };
/* End PBXBuildFile section */

/* Begin PBXContainerItemProxy section */
		A854997523DCE39600B0DC6A /* PBXContainerItemProxy */ = {
			isa = PBXContainerItemProxy;
			containerPortal = A854995623DCE39300B0DC6A /* Project object */;
			proxyType = 1;
			remoteGlobalIDString = A854995D23DCE39300B0DC6A;
			remoteInfo = vc;
		};
		A854998023DCE39600B0DC6A /* PBXContainerItemProxy */ = {
			isa = PBXContainerItemProxy;
			containerPortal = A854995623DCE39300B0DC6A /* Project object */;
			proxyType = 1;
			remoteGlobalIDString = A854995D23DCE39300B0DC6A;
			remoteInfo = vc;
		};
/* End PBXContainerItemProxy section */

/* Begin PBXFileReference section */
		A854995E23DCE39300B0DC6A /* vc.app */ = {isa = PBXFileReference; explicitFileType = wrapper.application; includeInIndex = 0; path = vc.app; sourceTree = BUILT_PRODUCTS_DIR; };
		A854996123DCE39300B0DC6A /* AppDelegate.swift */ = {isa = PBXFileReference; lastKnownFileType = sourcecode.swift; path = AppDelegate.swift; sourceTree = "<group>"; };
		A854996323DCE39300B0DC6A /* SceneDelegate.swift */ = {isa = PBXFileReference; lastKnownFileType = sourcecode.swift; path = SceneDelegate.swift; sourceTree = "<group>"; };
		A854996523DCE39300B0DC6A /* ViewController.swift */ = {isa = PBXFileReference; lastKnownFileType = sourcecode.swift; path = ViewController.swift; sourceTree = "<group>"; };
		A854996823DCE39300B0DC6A /* Base */ = {isa = PBXFileReference; lastKnownFileType = file.storyboard; name = Base; path = Base.lproj/Main.storyboard; sourceTree = "<group>"; };
		A854996A23DCE39600B0DC6A /* Assets.xcassets */ = {isa = PBXFileReference; lastKnownFileType = folder.assetcatalog; path = Assets.xcassets; sourceTree = "<group>"; };
		A854996D23DCE39600B0DC6A /* Base */ = {isa = PBXFileReference; lastKnownFileType = file.storyboard; name = Base; path = Base.lproj/LaunchScreen.storyboard; sourceTree = "<group>"; };
		A854996F23DCE39600B0DC6A /* Info.plist */ = {isa = PBXFileReference; lastKnownFileType = text.plist.xml; path = Info.plist; sourceTree = "<group>"; };
		A854997423DCE39600B0DC6A /* vcTests.xctest */ = {isa = PBXFileReference; explicitFileType = wrapper.cfbundle; includeInIndex = 0; path = vcTests.xctest; sourceTree = BUILT_PRODUCTS_DIR; };
		A854997823DCE39600B0DC6A /* vcTests.swift */ = {isa = PBXFileReference; lastKnownFileType = sourcecode.swift; path = vcTests.swift; sourceTree = "<group>"; };
		A854997A23DCE39600B0DC6A /* Info.plist */ = {isa = PBXFileReference; lastKnownFileType = text.plist.xml; path = Info.plist; sourceTree = "<group>"; };
		A854997F23DCE39600B0DC6A /* vcUITests.xctest */ = {isa = PBXFileReference; explicitFileType = wrapper.cfbundle; includeInIndex = 0; path = vcUITests.xctest; sourceTree = BUILT_PRODUCTS_DIR; };
		A854998323DCE39600B0DC6A /* vcUITests.swift */ = {isa = PBXFileReference; lastKnownFileType = sourcecode.swift; path = vcUITests.swift; sourceTree = "<group>"; };
		A854998523DCE39600B0DC6A /* Info.plist */ = {isa = PBXFileReference; lastKnownFileType = text.plist.xml; path = Info.plist; sourceTree = "<group>"; };
/* End PBXFileReference section */

/* Begin PBXFrameworksBuildPhase section */
		A854995B23DCE39300B0DC6A /* Frameworks */ = {
			isa = PBXFrameworksBuildPhase;
			buildActionMask = 2147483647;
			files = (
			);
			runOnlyForDeploymentPostprocessing = 0;
		};
		A854997123DCE39600B0DC6A /* Frameworks */ = {
			isa = PBXFrameworksBuildPhase;
			buildActionMask = 2147483647;
			files = (
			);
			runOnlyForDeploymentPostprocessing = 0;
		};
		A854997C23DCE39600B0DC6A /* Frameworks */ = {
			isa = PBXFrameworksBuildPhase;
			buildActionMask = 2147483647;
			files = (
			);
			runOnlyForDeploymentPostprocessing = 0;
		};
/* End PBXFrameworksBuildPhase section */

/* Begin PBXGroup section */
		A854995523DCE39300B0DC6A = {
			isa = PBXGroup;
			children = (
				A854996023DCE39300B0DC6A /* vc */,
				A854997723DCE39600B0DC6A /* vcTests */,
				A854998223DCE39600B0DC6A /* vcUITests */,
				A854995F23DCE39300B0DC6A /* Products */,
			);
			sourceTree = "<group>";
		};
		A854995F23DCE39300B0DC6A /* Products */ = {
			isa = PBXGroup;
			children = (
				A854995E23DCE39300B0DC6A /* vc.app */,
				A854997423DCE39600B0DC6A /* vcTests.xctest */,
				A854997F23DCE39600B0DC6A /* vcUITests.xctest */,
			);
			name = Products;
			sourceTree = "<group>";
		};
		A854996023DCE39300B0DC6A /* vc */ = {
			isa = PBXGroup;
			children = (
				A854996123DCE39300B0DC6A /* AppDelegate.swift */,
				A854996323DCE39300B0DC6A /* SceneDelegate.swift */,
				A854996523DCE39300B0DC6A /* ViewController.swift */,
				A854996723DCE39300B0DC6A /* Main.storyboard */,
				A854996A23DCE39600B0DC6A /* Assets.xcassets */,
				A854996C23DCE39600B0DC6A /* LaunchScreen.storyboard */,
				A854996F23DCE39600B0DC6A /* Info.plist */,
			);
			path = vc;
			sourceTree = "<group>";
		};
		A854997723DCE39600B0DC6A /* vcTests */ = {
			isa = PBXGroup;
			children = (
				A854997823DCE39600B0DC6A /* vcTests.swift */,
				A854997A23DCE39600B0DC6A /* Info.plist */,
			);
			path = vcTests;
			sourceTree = "<group>";
		};
		A854998223DCE39600B0DC6A /* vcUITests */ = {
			isa = PBXGroup;
			children = (
				A854998323DCE39600B0DC6A /* vcUITests.swift */,
				A854998523DCE39600B0DC6A /* Info.plist */,
			);
			path = vcUITests;
			sourceTree = "<group>";
		};
/* End PBXGroup section */

/* Begin PBXNativeTarget section */
		A854995D23DCE39300B0DC6A /* vc */ = {
			isa = PBXNativeTarget;
			buildConfigurationList = A854998823DCE39600B0DC6A /* Build configuration list for PBXNativeTarget "vc" */;
			buildPhases = (
				A854995A23DCE39300B0DC6A /* Sources */,
				A854995B23DCE39300B0DC6A /* Frameworks */,
				A854995C23DCE39300B0DC6A /* Resources */,
			);
			buildRules = (
			);
			dependencies = (
			);
			name = vc;
			productName = vc;
			productReference = A854995E23DCE39300B0DC6A /* vc.app */;
			productType = "com.apple.product-type.application";
		};
		A854997323DCE39600B0DC6A /* vcTests */ = {
			isa = PBXNativeTarget;
			buildConfigurationList = A854998B23DCE39600B0DC6A /* Build configuration list for PBXNativeTarget "vcTests" */;
			buildPhases = (
				A854997023DCE39600B0DC6A /* Sources */,
				A854997123DCE39600B0DC6A /* Frameworks */,
				A854997223DCE39600B0DC6A /* Resources */,
			);
			buildRules = (
			);
			dependencies = (
				A854997623DCE39600B0DC6A /* PBXTargetDependency */,
			);
			name = vcTests;
			productName = vcTests;
			productReference = A854997423DCE39600B0DC6A /* vcTests.xctest */;
			productType = "com.apple.product-type.bundle.unit-test";
		};
		A854997E23DCE39600B0DC6A /* vcUITests */ = {
			isa = PBXNativeTarget;
			buildConfigurationList = A854998E23DCE39600B0DC6A /* Build configuration list for PBXNativeTarget "vcUITests" */;
			buildPhases = (
				A854997B23DCE39600B0DC6A /* Sources */,
				A854997C23DCE39600B0DC6A /* Frameworks */,
				A854997D23DCE39600B0DC6A /* Resources */,
			);
			buildRules = (
			);
			dependencies = (
				A854998123DCE39600B0DC6A /* PBXTargetDependency */,
			);
			name = vcUITests;
			productName = vcUITests;
			productReference = A854997F23DCE39600B0DC6A /* vcUITests.xctest */;
			productType = "com.apple.product-type.bundle.ui-testing";
		};
/* End PBXNativeTarget section */

/* Begin PBXProject section */
		A854995623DCE39300B0DC6A /* Project object */ = {
			isa = PBXProject;
			attributes = {
				LastSwiftUpdateCheck = 1130;
				LastUpgradeCheck = 1130;
				ORGANIZATIONNAME = "Dhruvik Chevli";
				TargetAttributes = {
					A854995D23DCE39300B0DC6A = {
						CreatedOnToolsVersion = 11.3.1;
					};
					A854997323DCE39600B0DC6A = {
						CreatedOnToolsVersion = 11.3.1;
						TestTargetID = A854995D23DCE39300B0DC6A;
					};
					A854997E23DCE39600B0DC6A = {
						CreatedOnToolsVersion = 11.3.1;
						TestTargetID = A854995D23DCE39300B0DC6A;
					};
				};
			};
			buildConfigurationList = A854995923DCE39300B0DC6A /* Build configuration list for PBXProject "vc" */;
			compatibilityVersion = "Xcode 9.3";
			developmentRegion = en;
			hasScannedForEncodings = 0;
			knownRegions = (
				en,
				Base,
			);
			mainGroup = A854995523DCE39300B0DC6A;
			productRefGroup = A854995F23DCE39300B0DC6A /* Products */;
			projectDirPath = "";
			projectRoot = "";
			targets = (
				A854995D23DCE39300B0DC6A /* vc */,
				A854997323DCE39600B0DC6A /* vcTests */,
				A854997E23DCE39600B0DC6A /* vcUITests */,
			);
		};
/* End PBXProject section */

/* Begin PBXResourcesBuildPhase section */
		A854995C23DCE39300B0DC6A /* Resources */ = {
			isa = PBXResourcesBuildPhase;
			buildActionMask = 2147483647;
			files = (
				A854996E23DCE39600B0DC6A /* LaunchScreen.storyboard in Resources */,
				A854996B23DCE39600B0DC6A /* Assets.xcassets in Resources */,
				A854996923DCE39300B0DC6A /* Main.storyboard in Resources */,
			);
			runOnlyForDeploymentPostprocessing = 0;
		};
		A854997223DCE39600B0DC6A /* Resources */ = {
			isa = PBXResourcesBuildPhase;
			buildActionMask = 2147483647;
			files = (
			);
			runOnlyForDeploymentPostprocessing = 0;
		};
		A854997D23DCE39600B0DC6A /* Resources */ = {
			isa = PBXResourcesBuildPhase;
			buildActionMask = 2147483647;
			files = (
			);
			runOnlyForDeploymentPostprocessing = 0;
		};
/* End PBXResourcesBuildPhase section */

/* Begin PBXSourcesBuildPhase section */
		A854995A23DCE39300B0DC6A /* Sources */ = {
			isa = PBXSourcesBuildPhase;
			buildActionMask = 2147483647;
			files = (
				A854996623DCE39300B0DC6A /* ViewController.swift in Sources */,
				A854996223DCE39300B0DC6A /* AppDelegate.swift in Sources */,
				A854996423DCE39300B0DC6A /* SceneDelegate.swift in Sources */,
			);
			runOnlyForDeploymentPostprocessing = 0;
		};
		A854997023DCE39600B0DC6A /* Sources */ = {
			isa = PBXSourcesBuildPhase;
			buildActionMask = 2147483647;
			files = (
				A854997923DCE39600B0DC6A /* vcTests.swift in Sources */,
			);
			runOnlyForDeploymentPostprocessing = 0;
		};
		A854997B23DCE39600B0DC6A /* Sources */ = {
			isa = PBXSourcesBuildPhase;
			buildActionMask = 2147483647;
			files = (
				A854998423DCE39600B0DC6A /* vcUITests.swift in Sources */,
			);
			runOnlyForDeploymentPostprocessing = 0;
		};
/* End PBXSourcesBuildPhase section */

/* Begin PBXTargetDependency section */
		A854997623DCE39600B0DC6A /* PBXTargetDependency */ = {
			isa = PBXTargetDependency;
			target = A854995D23DCE39300B0DC6A /* vc */;
			targetProxy = A854997523DCE39600B0DC6A /* PBXContainerItemProxy */;
		};
		A854998123DCE39600B0DC6A /* PBXTargetDependency */ = {
			isa = PBXTargetDependency;
			target = A854995D23DCE39300B0DC6A /* vc */;
			targetProxy = A854998023DCE39600B0DC6A /* PBXContainerItemProxy */;
		};
/* End PBXTargetDependency section */

/* Begin PBXVariantGroup section */
		A854996723DCE39300B0DC6A /* Main.storyboard */ = {
			isa = PBXVariantGroup;
			children = (
				A854996823DCE39300B0DC6A /* Base */,
			);
			name = Main.storyboard;
			sourceTree = "<group>";
		};
		A854996C23DCE39600B0DC6A /* LaunchScreen.storyboard */ = {
			isa = PBXVariantGroup;
			children = (
				A854996D23DCE39600B0DC6A /* Base */,
			);
			name = LaunchScreen.storyboard;
			sourceTree = "<group>";
		};
/* End PBXVariantGroup section */

/* Begin XCBuildConfiguration section */
		A854998623DCE39600B0DC6A /* Debug */ = {
			isa = XCBuildConfiguration;
			buildSettings = {
				ALWAYS_SEARCH_USER_PATHS = NO;
				CLANG_ANALYZER_NONNULL = YES;
				CLANG_ANALYZER_NUMBER_OBJECT_CONVERSION = YES_AGGRESSIVE;
				CLANG_CXX_LANGUAGE_STANDARD = "gnu++14";
				CLANG_CXX_LIBRARY = "libc++";
				CLANG_ENABLE_MODULES = YES;
				CLANG_ENABLE_OBJC_ARC = YES;
				CLANG_ENABLE_OBJC_WEAK = YES;
				CLANG_WARN_BLOCK_CAPTURE_AUTORELEASING = YES;
				CLANG_WARN_BOOL_CONVERSION = YES;
				CLANG_WARN_COMMA = YES;
				CLANG_WARN_CONSTANT_CONVERSION = YES;
				CLANG_WARN_DEPRECATED_OBJC_IMPLEMENTATIONS = YES;
				CLANG_WARN_DIRECT_OBJC_ISA_USAGE = YES_ERROR;
				CLANG_WARN_DOCUMENTATION_COMMENTS = YES;
				CLANG_WARN_EMPTY_BODY = YES;
				CLANG_WARN_ENUM_CONVERSION = YES;
				CLANG_WARN_INFINITE_RECURSION = YES;
				CLANG_WARN_INT_CONVERSION = YES;
				CLANG_WARN_NON_LITERAL_NULL_CONVERSION = YES;
				CLANG_WARN_OBJC_IMPLICIT_RETAIN_SELF = YES;
				CLANG_WARN_OBJC_LITERAL_CONVERSION = YES;
				CLANG_WARN_OBJC_ROOT_CLASS = YES_ERROR;
				CLANG_WARN_RANGE_LOOP_ANALYSIS = YES;
				CLANG_WARN_STRICT_PROTOTYPES = YES;
				CLANG_WARN_SUSPICIOUS_MOVE = YES;
				CLANG_WARN_UNGUARDED_AVAILABILITY = YES_AGGRESSIVE;
				CLANG_WARN_UNREACHABLE_CODE = YES;
				CLANG_WARN__DUPLICATE_METHOD_MATCH = YES;
				COPY_PHASE_STRIP = NO;
				DEBUG_INFORMATION_FORMAT = dwarf;
				ENABLE_STRICT_OBJC_MSGSEND = YES;
				ENABLE_TESTABILITY = YES;
				GCC_C_LANGUAGE_STANDARD = gnu11;
				GCC_DYNAMIC_NO_PIC = NO;
				GCC_NO_COMMON_BLOCKS = YES;
				GCC_OPTIMIZATION_LEVEL = 0;
				GCC_PREPROCESSOR_DEFINITIONS = (
					"DEBUG=1",
					"$(inherited)",
				);
				GCC_WARN_64_TO_32_BIT_CONVERSION = YES;
				GCC_WARN_ABOUT_RETURN_TYPE = YES_ERROR;
				GCC_WARN_UNDECLARED_SELECTOR = YES;
				GCC_WARN_UNINITIALIZED_AUTOS = YES_AGGRESSIVE;
				GCC_WARN_UNUSED_FUNCTION = YES;
				GCC_WARN_UNUSED_VARIABLE = YES;
				IPHONEOS_DEPLOYMENT_TARGET = 13.2;
				MTL_ENABLE_DEBUG_INFO = INCLUDE_SOURCE;
				MTL_FAST_MATH = YES;
				ONLY_ACTIVE_ARCH = YES;
				SDKROOT = iphoneos;
				SWIFT_ACTIVE_COMPILATION_CONDITIONS = DEBUG;
				SWIFT_OPTIMIZATION_LEVEL = "-Onone";
			};
			name = Debug;
		};
		A854998723DCE39600B0DC6A /* Release */ = {
			isa = XCBuildConfiguration;
			buildSettings = {
				ALWAYS_SEARCH_USER_PATHS = NO;
				CLANG_ANALYZER_NONNULL = YES;
				CLANG_ANALYZER_NUMBER_OBJECT_CONVERSION = YES_AGGRESSIVE;
				CLANG_CXX_LANGUAGE_STANDARD = "gnu++14";
				CLANG_CXX_LIBRARY = "libc++";
				CLANG_ENABLE_MODULES = YES;
				CLANG_ENABLE_OBJC_ARC = YES;
				CLANG_ENABLE_OBJC_WEAK = YES;
				CLANG_WARN_BLOCK_CAPTURE_AUTORELEASING = YES;
				CLANG_WARN_BOOL_CONVERSION = YES;
				CLANG_WARN_COMMA = YES;
				CLANG_WARN_CONSTANT_CONVERSION = YES;
				CLANG_WARN_DEPRECATED_OBJC_IMPLEMENTATIONS = YES;
				CLANG_WARN_DIRECT_OBJC_ISA_USAGE = YES_ERROR;
				CLANG_WARN_DOCUMENTATION_COMMENTS = YES;
				CLANG_WARN_EMPTY_BODY = YES;
				CLANG_WARN_ENUM_CONVERSION = YES;
				CLANG_WARN_INFINITE_RECURSION = YES;
				CLANG_WARN_INT_CONVERSION = YES;
				CLANG_WARN_NON_LITERAL_NULL_CONVERSION = YES;
				CLANG_WARN_OBJC_IMPLICIT_RETAIN_SELF = YES;
				CLANG_WARN_OBJC_LITERAL_CONVERSION = YES;
				CLANG_WARN_OBJC_ROOT_CLASS = YES_ERROR;
				CLANG_WARN_RANGE_LOOP_ANALYSIS = YES;
				CLANG_WARN_STRICT_PROTOTYPES = YES;
				CLANG_WARN_SUSPICIOUS_MOVE = YES;
				CLANG_WARN_UNGUARDED_AVAILABILITY = YES_AGGRESSIVE;
				CLANG_WARN_UNREACHABLE_CODE = YES;
				CLANG_WARN__DUPLICATE_METHOD_MATCH = YES;
				COPY_PHASE_STRIP = NO;
				DEBUG_INFORMATION_FORMAT = "dwarf-with-dsym";
				ENABLE_NS_ASSERTIONS = NO;
				ENABLE_STRICT_OBJC_MSGSEND = YES;
				GCC_C_LANGUAGE_STANDARD = gnu11;
				GCC_NO_COMMON_BLOCKS = YES;
				GCC_WARN_64_TO_32_BIT_CONVERSION = YES;
				GCC_WARN_ABOUT_RETURN_TYPE = YES_ERROR;
				GCC_WARN_UNDECLARED_SELECTOR = YES;
				GCC_WARN_UNINITIALIZED_AUTOS = YES_AGGRESSIVE;
				GCC_WARN_UNUSED_FUNCTION = YES;
				GCC_WARN_UNUSED_VARIABLE = YES;
				IPHONEOS_DEPLOYMENT_TARGET = 13.2;
				MTL_ENABLE_DEBUG_INFO = NO;
				MTL_FAST_MATH = YES;
				SDKROOT = iphoneos;
				SWIFT_COMPILATION_MODE = wholemodule;
				SWIFT_OPTIMIZATION_LEVEL = "-O";
				VALIDATE_PRODUCT = YES;
			};
			name = Release;
		};
		A854998923DCE39600B0DC6A /* Debug */ = {
			isa = XCBuildConfiguration;
			buildSettings = {
				ASSETCATALOG_COMPILER_APPICON_NAME = AppIcon;
				CODE_SIGN_STYLE = Automatic;
				INFOPLIST_FILE = vc/Info.plist;
				LD_RUNPATH_SEARCH_PATHS = (
					"$(inherited)",
					"@executable_path/Frameworks",
				);
				PRODUCT_BUNDLE_IDENTIFIER = anonymous.vc;
				PRODUCT_NAME = "$(TARGET_NAME)";
				SWIFT_VERSION = 5.0;
				TARGETED_DEVICE_FAMILY = "1,2";
			};
			name = Debug;
		};
		A854998A23DCE39600B0DC6A /* Release */ = {
			isa = XCBuildConfiguration;
			buildSettings = {
				ASSETCATALOG_COMPILER_APPICON_NAME = AppIcon;
				CODE_SIGN_STYLE = Automatic;
				INFOPLIST_FILE = vc/Info.plist;
				LD_RUNPATH_SEARCH_PATHS = (
					"$(inherited)",
					"@executable_path/Frameworks",
				);
				PRODUCT_BUNDLE_IDENTIFIER = anonymous.vc;
				PRODUCT_NAME = "$(TARGET_NAME)";
				SWIFT_VERSION = 5.0;
				TARGETED_DEVICE_FAMILY = "1,2";
			};
			name = Release;
		};
		A854998C23DCE39600B0DC6A /* Debug */ = {
			isa = XCBuildConfiguration;
			buildSettings = {
				ALWAYS_EMBED_SWIFT_STANDARD_LIBRARIES = YES;
				BUNDLE_LOADER = "$(TEST_HOST)";
				CODE_SIGN_STYLE = Automatic;
				INFOPLIST_FILE = vcTests/Info.plist;
				IPHONEOS_DEPLOYMENT_TARGET = 13.2;
				LD_RUNPATH_SEARCH_PATHS = (
					"$(inherited)",
					"@executable_path/Frameworks",
					"@loader_path/Frameworks",
				);
				PRODUCT_BUNDLE_IDENTIFIER = anonymous.vcTests;
				PRODUCT_NAME = "$(TARGET_NAME)";
				SWIFT_VERSION = 5.0;
				TARGETED_DEVICE_FAMILY = "1,2";
				TEST_HOST = "$(BUILT_PRODUCTS_DIR)/vc.app/vc";
			};
			name = Debug;
		};
		A854998D23DCE39600B0DC6A /* Release */ = {
			isa = XCBuildConfiguration;
			buildSettings = {
				ALWAYS_EMBED_SWIFT_STANDARD_LIBRARIES = YES;
				BUNDLE_LOADER = "$(TEST_HOST)";
				CODE_SIGN_STYLE = Automatic;
				INFOPLIST_FILE = vcTests/Info.plist;
				IPHONEOS_DEPLOYMENT_TARGET = 13.2;
				LD_RUNPATH_SEARCH_PATHS = (
					"$(inherited)",
					"@executable_path/Frameworks",
					"@loader_path/Frameworks",
				);
				PRODUCT_BUNDLE_IDENTIFIER = anonymous.vcTests;
				PRODUCT_NAME = "$(TARGET_NAME)";
				SWIFT_VERSION = 5.0;
				TARGETED_DEVICE_FAMILY = "1,2";
				TEST_HOST = "$(BUILT_PRODUCTS_DIR)/vc.app/vc";
			};
			name = Release;
		};
		A854998F23DCE39600B0DC6A /* Debug */ = {
			isa = XCBuildConfiguration;
			buildSettings = {
				ALWAYS_EMBED_SWIFT_STANDARD_LIBRARIES = YES;
				CODE_SIGN_STYLE = Automatic;
				INFOPLIST_FILE = vcUITests/Info.plist;
				LD_RUNPATH_SEARCH_PATHS = (
					"$(inherited)",
					"@executable_path/Frameworks",
					"@loader_path/Frameworks",
				);
				PRODUCT_BUNDLE_IDENTIFIER = anonymous.vcUITests;
				PRODUCT_NAME = "$(TARGET_NAME)";
				SWIFT_VERSION = 5.0;
				TARGETED_DEVICE_FAMILY = "1,2";
				TEST_TARGET_NAME = vc;
			};
			name = Debug;
		};
		A854999023DCE39600B0DC6A /* Release */ = {
			isa = XCBuildConfiguration;
			buildSettings = {
				ALWAYS_EMBED_SWIFT_STANDARD_LIBRARIES = YES;
				CODE_SIGN_STYLE = Automatic;
				INFOPLIST_FILE = vcUITests/Info.plist;
				LD_RUNPATH_SEARCH_PATHS = (
					"$(inherited)",
					"@executable_path/Frameworks",
					"@loader_path/Frameworks",
				);
				PRODUCT_BUNDLE_IDENTIFIER = anonymous.vcUITests;
				PRODUCT_NAME = "$(TARGET_NAME)";
				SWIFT_VERSION = 5.0;
				TARGETED_DEVICE_FAMILY = "1,2";
				TEST_TARGET_NAME = vc;
			};
			name = Release;
		};
/* End XCBuildConfiguration section */

/* Begin XCConfigurationList section */
		A854995923DCE39300B0DC6A /* Build configuration list for PBXProject "vc" */ = {
			isa = XCConfigurationList;
			buildConfigurations = (
				A854998623DCE39600B0DC6A /* Debug */,
				A854998723DCE39600B0DC6A /* Release */,
			);
			defaultConfigurationIsVisible = 0;
			defaultConfigurationName = Release;
		};
		A854998823DCE39600B0DC6A /* Build configuration list for PBXNativeTarget "vc" */ = {
			isa = XCConfigurationList;
			buildConfigurations = (
				A854998923DCE39600B0DC6A /* Debug */,
				A854998A23DCE39600B0DC6A /* Release */,
			);
			defaultConfigurationIsVisible = 0;
			defaultConfigurationName = Release;
		};
		A854998B23DCE39600B0DC6A /* Build configuration list for PBXNativeTarget "vcTests" */ = {
			isa = XCConfigurationList;
			buildConfigurations = (
				A854998C23DCE39600B0DC6A /* Debug */,
				A854998D23DCE39600B0DC6A /* Release */,
			);
			defaultConfigurationIsVisible = 0;
			defaultConfigurationName = Release;
		};
		A854998E23DCE39600B0DC6A /* Build configuration list for PBXNativeTarget "vcUITests" */ = {
			isa = XCConfigurationList;
			buildConfigurations = (
				A854998F23DCE39600B0DC6A /* Debug */,
				A854999023DCE39600B0DC6A /* Release */,
			);
			defaultConfigurationIsVisible = 0;
			defaultConfigurationName = Release;
		};
/* End XCConfigurationList section */
	};
	rootObject = A854995623DCE39300B0DC6A /* Project object */;
}
